
Microsoft Visual Studio Solution File, Format Version 12.00
# Visual Studio Version 17
VisualStudioVersion = 17.6.33829.357
MinimumVisualStudioVersion = 10.0.40219.1
Project("{FAE04EC0-301F-11D3-BF4B-00C04F79EFBC}") = "Examination System", "Examination System\Examination System.csproj", "{753BA8DF-DFFB-429A-80CC-2084074EFCF4}"
EndProject
Global
	GlobalSection(SolutionConfigurationPlatforms) = preSolution
		Debug|Any CPU = Debug|Any CPU
		Release|Any CPU = Release|Any CPU
	EndGlobalSection
	GlobalSection(ProjectConfigurationPlatforms) = postSolution
		{753BA8DF-DFFB-429A-80CC-2084074EFCF4}.Debug|Any CPU.ActiveCfg = Debug|Any CPU
		{753BA8DF-DFFB-429A-80CC-2084074EFCF4}.Debug|Any CPU.Build.0 = Debug|Any CPU
		{753BA8DF-DFFB-429A-80CC-2084074EFCF4}.Release|Any CPU.ActiveCfg = Release|Any CPU
		{753BA8DF-DFFB-429A-80CC-2084074EFCF4}.Release|Any CPU.Build.0 = Release|Any CPU
	EndGlobalSection
	GlobalSection(SolutionProperties) = preSolution
		HideSolutionNode = FALSE
	EndGlobalSection
	GlobalSection(ExtensibilityGlobals) = postSolution
		SolutionGuid = {5B8FA3FA-B8C7-47C0-BBF4-F4E9E1C92C9B}
	EndGlobalSection
EndGlobal
